Microsoft Visual Studio Solution File, Format Version 11.00
# Visual Studio 2008

Project("{F5D1278E-8109-EDD9-4E1E-4197E04873B9}") = "tester", "Assembly-CSharp-firstpass.csproj", "{F8CBF79E-96CB-E4BD-0B10-648997AC752F}"
EndProject
Project("{F5D1278E-8109-EDD9-4E1E-4197E04873B9}") = "tester", "Assembly-CSharp.csproj", "{69752891-D9C1-6A5A-4CAA-D73056D92F21}"
EndProject
Project("{F5D1278E-8109-EDD9-4E1E-4197E04873B9}") = "tester", "Assembly-CSharp-Editor.csproj", "{75605107-31E5-DA41-B907-365D51B84D8C}"
EndProject
Global
	GlobalSection(SolutionConfigurationPlatforms) = preSolution
		Debug|Any CPU = Debug|Any CPU
		Release|Any CPU = Release|Any CPU
	EndGlobalSection
	GlobalSection(ProjectConfigurationPlatforms) = postSolution
		{F8CBF79E-96CB-E4BD-0B10-648997AC752F}.Debug|Any CPU.ActiveCfg = Debug|Any CPU
		{F8CBF79E-96CB-E4BD-0B10-648997AC752F}.Debug|Any CPU.Build.0 = Debug|Any CPU
		{F8CBF79E-96CB-E4BD-0B10-648997AC752F}.Release|Any CPU.ActiveCfg = Release|Any CPU
		{F8CBF79E-96CB-E4BD-0B10-648997AC752F}.Release|Any CPU.Build.0 = Release|Any CPU
		{69752891-D9C1-6A5A-4CAA-D73056D92F21}.Debug|Any CPU.ActiveCfg = Debug|Any CPU
		{69752891-D9C1-6A5A-4CAA-D73056D92F21}.Debug|Any CPU.Build.0 = Debug|Any CPU
		{69752891-D9C1-6A5A-4CAA-D73056D92F21}.Release|Any CPU.ActiveCfg = Release|Any CPU
		{69752891-D9C1-6A5A-4CAA-D73056D92F21}.Release|Any CPU.Build.0 = Release|Any CPU
		{75605107-31E5-DA41-B907-365D51B84D8C}.Debug|Any CPU.ActiveCfg = Debug|Any CPU
		{75605107-31E5-DA41-B907-365D51B84D8C}.Debug|Any CPU.Build.0 = Debug|Any CPU
		{75605107-31E5-DA41-B907-365D51B84D8C}.Release|Any CPU.ActiveCfg = Release|Any CPU
		{75605107-31E5-DA41-B907-365D51B84D8C}.Release|Any CPU.Build.0 = Release|Any CPU
	EndGlobalSection
	GlobalSection(SolutionProperties) = preSolution
		HideSolutionNode = FALSE
	EndGlobalSection
																																																																				GlobalSection(MonoDevelopProperties) = preSolution
		StartupItem = Assembly-CSharp.csproj
		Policies = $0
		$0.TextStylePolicy = $1
		$1.inheritsSet = null
		$1.scope = text/x-csharp
		$0.CSharpFormattingPolicy = $2
		$2.inheritsSet = Mono
		$2.inheritsScope = text/x-csharp
		$2.scope = text/x-csharp
		$0.TextStylePolicy = $3
		$3.FileWidth = 120
		$3.TabWidth = 4
		$3.IndentWidth = 4
		$3.EolMarker = Unix
		$3.inheritsSet = Mono
		$3.inheritsScope = text/plain
		$3.scope = text/plain
	EndGlobalSection

EndGlobal
